// !$*UTF8*$!
{
	archiveVersion = 1;
	classes = {
	};
	objectVersion = 50;
	objects = {

/* Begin PBXBuildFile section */
		5709A375219C6D610026B185 /* HistoryViewModel.swift in Sources */ = {isa = PBXBuildFile; fileRef = 5709A371219C6D610026B185 /* HistoryViewModel.swift */; };
		5709A376219C6D610026B185 /* RootViewModel.swift in Sources */ = {isa = PBXBuildFile; fileRef = 5709A372219C6D610026B185 /* RootViewModel.swift */; };
		5709A377219C6D610026B185 /* FoodViewModel.swift in Sources */ = {isa = PBXBuildFile; fileRef = 5709A373219C6D610026B185 /* FoodViewModel.swift */; };
		5709A37D219C6D810026B185 /* AddFoodViewModel.swift in Sources */ = {isa = PBXBuildFile; fileRef = 5709A37A219C6D810026B185 /* AddFoodViewModel.swift */; };
		5709A380219C6DB20026B185 /* CreateFoodViewController.swift in Sources */ = {isa = PBXBuildFile; fileRef = 5709A37F219C6DB10026B185 /* CreateFoodViewController.swift */; };
		5709A384219C75380026B185 /* ConsumedViewModel.swift in Sources */ = {isa = PBXBuildFile; fileRef = 5709A383219C75380026B185 /* ConsumedViewModel.swift */; };
		572071D02199DD4A00ACAE52 /* Main.storyboard in Resources */ = {isa = PBXBuildFile; fileRef = 57693A9E21998BA700B216B0 /* Main.storyboard */; };
		572071D52199DEA200ACAE52 /* barHome.png in Resources */ = {isa = PBXBuildFile; fileRef = 572071D12199DEA100ACAE52 /* barHome.png */; };
		572071D62199DEA200ACAE52 /* barDrink.png in Resources */ = {isa = PBXBuildFile; fileRef = 572071D22199DEA100ACAE52 /* barDrink.png */; };
		572071D72199DEA200ACAE52 /* barHistory.png in Resources */ = {isa = PBXBuildFile; fileRef = 572071D32199DEA100ACAE52 /* barHistory.png */; };
		572071D82199DEA200ACAE52 /* barMeal.png in Resources */ = {isa = PBXBuildFile; fileRef = 572071D42199DEA200ACAE52 /* barMeal.png */; };
		574F75B5219AFD26007F55BB /* CreateFoodViewModel.swift in Sources */ = {isa = PBXBuildFile; fileRef = 574F75B4219AFD26007F55BB /* CreateFoodViewModel.swift */; };
		57577D0021A5A0DF00D77F3C /* mamaliga.jpg in Resources */ = {isa = PBXBuildFile; fileRef = 57577CFF21A5A0DF00D77F3C /* mamaliga.jpg */; };
		575992ED21A2F82B008C50ED /* sandwich.jpg in Resources */ = {isa = PBXBuildFile; fileRef = 575992E821A2F82A008C50ED /* sandwich.jpg */; };
		575992EE21A2F82B008C50ED /* cola.jpeg in Resources */ = {isa = PBXBuildFile; fileRef = 575992E921A2F82A008C50ED /* cola.jpeg */; };
		575992EF21A2F82B008C50ED /* sprite.jpg in Resources */ = {isa = PBXBuildFile; fileRef = 575992EA21A2F82A008C50ED /* sprite.jpg */; };
		575992F021A2F82B008C50ED /* turkey.jpeg in Resources */ = {isa = PBXBuildFile; fileRef = 575992EB21A2F82A008C50ED /* turkey.jpeg */; };
		57693A9B21998BA700B216B0 /* AppDelegate.swift in Sources */ = {isa = PBXBuildFile; fileRef = 57693A9A21998BA700B216B0 /* AppDelegate.swift */; };
		57693AA321998BA700B216B0 /* diary.xcdatamodeld in Sources */ = {isa = PBXBuildFile; fileRef = 57693AA121998BA700B216B0 /* diary.xcdatamodeld */; };
		57693AA521998BA800B216B0 /* Assets.xcassets in Resources */ = {isa = PBXBuildFile; fileRef = 57693AA421998BA800B216B0 /* Assets.xcassets */; };
		57693AA821998BA800B216B0 /* LaunchScreen.storyboard in Resources */ = {isa = PBXBuildFile; fileRef = 57693AA621998BA800B216B0 /* LaunchScreen.storyboard */; };
		57693AB521998CA700B216B0 /* AddFoodViewController.swift in Sources */ = {isa = PBXBuildFile; fileRef = 57693AB221998CA700B216B0 /* AddFoodViewController.swift */; };
		57693AB621998CA700B216B0 /* RootViewController.swift in Sources */ = {isa = PBXBuildFile; fileRef = 57693AB321998CA700B216B0 /* RootViewController.swift */; };
		57693ABB21998FDE00B216B0 /* HistoryViewController.swift in Sources */ = {isa = PBXBuildFile; fileRef = 57693ABA21998FDE00B216B0 /* HistoryViewController.swift */; };
		57693ABE2199969E00B216B0 /* ViewModelsManager.swift in Sources */ = {isa = PBXBuildFile; fileRef = 57693ABD2199969E00B216B0 /* ViewModelsManager.swift */; };
		57693AC42199A40C00B216B0 /* addImg.png in Resources */ = {isa = PBXBuildFile; fileRef = 57693AC32199A40C00B216B0 /* addImg.png */; };
		57693ACC2199B0BC00B216B0 /* ConsumedViewController.swift in Sources */ = {isa = PBXBuildFile; fileRef = 57693ACB2199B0BC00B216B0 /* ConsumedViewController.swift */; };
		57693ACE2199B39F00B216B0 /* TabBarController.swift in Sources */ = {isa = PBXBuildFile; fileRef = 57693ACD2199B39F00B216B0 /* TabBarController.swift */; };
		57693AD02199B6CD00B216B0 /* Food.plist in Resources */ = {isa = PBXBuildFile; fileRef = 57693ACF2199B6CD00B216B0 /* Food.plist */; };
		57693AD32199BCDC00B216B0 /* Models.swift in Sources */ = {isa = PBXBuildFile; fileRef = 57693AD22199BCDC00B216B0 /* Models.swift */; };
		57693AD52199BEB600B216B0 /* FoodManager.swift in Sources */ = {isa = PBXBuildFile; fileRef = 57693AD42199BEB600B216B0 /* FoodManager.swift */; };
		57D54AD621A43420000E3A24 /* FoodsViewController.swift in Sources */ = {isa = PBXBuildFile; fileRef = 57D54AD521A4341F000E3A24 /* FoodsViewController.swift */; };
/* End PBXBuildFile section */

/* Begin PBXCopyFilesBuildPhase section */
		57577CFB21A58C1100D77F3C /* CopyFiles */ = {
			isa = PBXCopyFilesBuildPhase;
			buildActionMask = 2147483647;
			dstPath = "";
			dstSubfolderSpec = 16;
			files = (
			);
			runOnlyForDeploymentPostprocessing = 0;
		};
/* End PBXCopyFilesBuildPhase section */

/* Begin PBXFileReference section */
		5709A371219C6D610026B185 /* HistoryViewModel.swift */ = {isa = PBXFileReference; fileEncoding = 4; lastKnownFileType = sourcecode.swift; path = HistoryViewModel.swift; sourceTree = "<group>"; };
		5709A372219C6D610026B185 /* RootViewModel.swift */ = {isa = PBXFileReference; fileEncoding = 4; lastKnownFileType = sourcecode.swift; path = RootViewModel.swift; sourceTree = "<group>"; };
		5709A373219C6D610026B185 /* FoodViewModel.swift */ = {isa = PBXFileReference; fileEncoding = 4; lastKnownFileType = sourcecode.swift; path = FoodViewModel.swift; sourceTree = "<group>"; };
		5709A37A219C6D810026B185 /* AddFoodViewModel.swift */ = {isa = PBXFileReference; fileEncoding = 4; lastKnownFileType = sourcecode.swift; path = AddFoodViewModel.swift; sourceTree = "<group>"; };
		5709A37F219C6DB10026B185 /* CreateFoodViewController.swift */ = {isa = PBXFileReference; fileEncoding = 4; lastKnownFileType = sourcecode.swift; path = CreateFoodViewController.swift; sourceTree = "<group>"; };
		5709A383219C75380026B185 /* ConsumedViewModel.swift */ = {isa = PBXFileReference; lastKnownFileType = sourcecode.swift; path = ConsumedViewModel.swift; sourceTree = "<group>"; };
		572071D12199DEA100ACAE52 /* barHome.png */ = {isa = PBXFileReference; lastKnownFileType = image.png; path = barHome.png; sourceTree = "<group>"; };
		572071D22199DEA100ACAE52 /* barDrink.png */ = {isa = PBXFileReference; lastKnownFileType = image.png; path = barDrink.png; sourceTree = "<group>"; };
		572071D32199DEA100ACAE52 /* barHistory.png */ = {isa = PBXFileReference; lastKnownFileType = image.png; path = barHistory.png; sourceTree = "<group>"; };
		572071D42199DEA200ACAE52 /* barMeal.png */ = {isa = PBXFileReference; lastKnownFileType = image.png; path = barMeal.png; sourceTree = "<group>"; };
		574F75B4219AFD26007F55BB /* CreateFoodViewModel.swift */ = {isa = PBXFileReference; lastKnownFileType = sourcecode.swift; path = CreateFoodViewModel.swift; sourceTree = "<group>"; };
		57577CFF21A5A0DF00D77F3C /* mamaliga.jpg */ = {isa = PBXFileReference; lastKnownFileType = image.jpeg; path = mamaliga.jpg; sourceTree = "<group>"; };
		575992E821A2F82A008C50ED /* sandwich.jpg */ = {isa = PBXFileReference; lastKnownFileType = image.jpeg; path = sandwich.jpg; sourceTree = "<group>"; };
		575992E921A2F82A008C50ED /* cola.jpeg */ = {isa = PBXFileReference; lastKnownFileType = image.jpeg; path = cola.jpeg; sourceTree = "<group>"; };
		575992EA21A2F82A008C50ED /* sprite.jpg */ = {isa = PBXFileReference; lastKnownFileType = image.jpeg; path = sprite.jpg; sourceTree = "<group>"; };
		575992EB21A2F82A008C50ED /* turkey.jpeg */ = {isa = PBXFileReference; lastKnownFileType = image.jpeg; path = turkey.jpeg; sourceTree = "<group>"; };
		57693A9721998BA700B216B0 /* diary.app */ = {isa = PBXFileReference; explicitFileType = wrapper.application; includeInIndex = 0; path = diary.app; sourceTree = BUILT_PRODUCTS_DIR; };
		57693A9A21998BA700B216B0 /* AppDelegate.swift */ = {isa = PBXFileReference; lastKnownFileType = sourcecode.swift; path = AppDelegate.swift; sourceTree = "<group>"; };
		57693A9F21998BA700B216B0 /* Base */ = {isa = PBXFileReference; lastKnownFileType = file.storyboard; name = Base; path = Base.lproj/Main.storyboard; sourceTree = "<group>"; };
		57693AA221998BA700B216B0 /* diary.xcdatamodel */ = {isa = PBXFileReference; lastKnownFileType = wrapper.xcdatamodel; path = diary.xcdatamodel; sourceTree = "<group>"; };
		57693AA421998BA800B216B0 /* Assets.xcassets */ = {isa = PBXFileReference; lastKnownFileType = folder.assetcatalog; path = Assets.xcassets; sourceTree = "<group>"; };
		57693AA721998BA800B216B0 /* Base */ = {isa = PBXFileReference; lastKnownFileType = file.storyboard; name = Base; path = Base.lproj/LaunchScreen.storyboard; sourceTree = "<group>"; };
		57693AA921998BA800B216B0 /* Info.plist */ = {isa = PBXFileReference; lastKnownFileType = text.plist.xml; path = Info.plist; sourceTree = "<group>"; };
		57693AB221998CA700B216B0 /* AddFoodViewController.swift */ = {isa = PBXFileReference; fileEncoding = 4; lastKnownFileType = sourcecode.swift; path = AddFoodViewController.swift; sourceTree = "<group>"; };
		57693AB321998CA700B216B0 /* RootViewController.swift */ = {isa = PBXFileReference; fileEncoding = 4; lastKnownFileType = sourcecode.swift; path = RootViewController.swift; sourceTree = "<group>"; };
		57693ABA21998FDE00B216B0 /* HistoryViewController.swift */ = {isa = PBXFileReference; lastKnownFileType = sourcecode.swift; path = HistoryViewController.swift; sourceTree = "<group>"; };
		57693ABD2199969E00B216B0 /* ViewModelsManager.swift */ = {isa = PBXFileReference; lastKnownFileType = sourcecode.swift; path = ViewModelsManager.swift; sourceTree = "<group>"; };
		57693AC32199A40C00B216B0 /* addImg.png */ = {isa = PBXFileReference; lastKnownFileType = image.png; path = addImg.png; sourceTree = "<group>"; };
		57693ACB2199B0BC00B216B0 /* ConsumedViewController.swift */ = {isa = PBXFileReference; lastKnownFileType = sourcecode.swift; path = ConsumedViewController.swift; sourceTree = "<group>"; };
		57693ACD2199B39F00B216B0 /* TabBarController.swift */ = {isa = PBXFileReference; lastKnownFileType = sourcecode.swift; path = TabBarController.swift; sourceTree = "<group>"; };
		57693ACF2199B6CD00B216B0 /* Food.plist */ = {isa = PBXFileReference; lastKnownFileType = text.plist.xml; path = Food.plist; sourceTree = "<group>"; };
		57693AD22199BCDC00B216B0 /* Models.swift */ = {isa = PBXFileReference; lastKnownFileType = sourcecode.swift; path = Models.swift; sourceTree = "<group>"; };
		57693AD42199BEB600B216B0 /* FoodManager.swift */ = {isa = PBXFileReference; lastKnownFileType = sourcecode.swift; path = FoodManager.swift; sourceTree = "<group>"; };
		57D54AD521A4341F000E3A24 /* FoodsViewController.swift */ = {isa = PBXFileReference; lastKnownFileType = sourcecode.swift; name = FoodsViewController.swift; path = /Users/victor/Desktop/diaryfood/diary/Views/BarMenu/FoodsViewController.swift; sourceTree = "<absolute>"; };
/* End PBXFileReference section */

/* Begin PBXFrameworksBuildPhase section */
		57693A9421998BA700B216B0 /* Frameworks */ = {
			isa = PBXFrameworksBuildPhase;
			buildActionMask = 2147483647;
			files = (
			);
			runOnlyForDeploymentPostprocessing = 0;
		};
/* End PBXFrameworksBuildPhase section */

/* Begin PBXGroup section */
		5709A381219C74F00026B185 /* AddItems */ = {
			isa = PBXGroup;
			children = (
				574F75B4219AFD26007F55BB /* CreateFoodViewModel.swift */,
				5709A37A219C6D810026B185 /* AddFoodViewModel.swift */,
			);
			path = AddItems;
			sourceTree = "<group>";
		};
		5709A382219C750F0026B185 /* BarViewModels */ = {
			isa = PBXGroup;
			children = (
				5709A373219C6D610026B185 /* FoodViewModel.swift */,
				5709A371219C6D610026B185 /* HistoryViewModel.swift */,
				5709A372219C6D610026B185 /* RootViewModel.swift */,
			);
			name = BarViewModels;
			path = "New Group";
			sourceTree = "<group>";
		};
		575992E621A2F77E008C50ED /* DrinksAndMeals */ = {
			isa = PBXGroup;
			children = (
				57577CFF21A5A0DF00D77F3C /* mamaliga.jpg */,
				575992E921A2F82A008C50ED /* cola.jpeg */,
				575992E821A2F82A008C50ED /* sandwich.jpg */,
				575992EA21A2F82A008C50ED /* sprite.jpg */,
				575992EB21A2F82A008C50ED /* turkey.jpeg */,
			);
			path = DrinksAndMeals;
			sourceTree = "<group>";
		};
		5760A3E42199D5EB00521582 /* TabBar */ = {
			isa = PBXGroup;
			children = (
				572071D22199DEA100ACAE52 /* barDrink.png */,
				572071D32199DEA100ACAE52 /* barHistory.png */,
				572071D12199DEA100ACAE52 /* barHome.png */,
				572071D42199DEA200ACAE52 /* barMeal.png */,
			);
			path = TabBar;
			sourceTree = "<group>";
		};
		57693A8E21998BA700B216B0 = {
			isa = PBXGroup;
			children = (
				57693A9921998BA700B216B0 /* diary */,
				57693A9821998BA700B216B0 /* Products */,
			);
			sourceTree = "<group>";
		};
		57693A9821998BA700B216B0 /* Products */ = {
			isa = PBXGroup;
			children = (
				57693A9721998BA700B216B0 /* diary.app */,
			);
			name = Products;
			sourceTree = "<group>";
		};
		57693A9921998BA700B216B0 /* diary */ = {
			isa = PBXGroup;
			children = (
				57693ACD2199B39F00B216B0 /* TabBarController.swift */,
				57693A9A21998BA700B216B0 /* AppDelegate.swift */,
				57693AD12199BCC900B216B0 /* Models */,
				57693ABC2199968300B216B0 /* ViewModels */,
				57693AB121998C7100B216B0 /* Views */,
				57693AB021998C5D00B216B0 /* Images */,
				57693A9E21998BA700B216B0 /* Main.storyboard */,
				57693AA421998BA800B216B0 /* Assets.xcassets */,
				57693AA621998BA800B216B0 /* LaunchScreen.storyboard */,
				57693AA921998BA800B216B0 /* Info.plist */,
				57693ACF2199B6CD00B216B0 /* Food.plist */,
				57693AA121998BA700B216B0 /* diary.xcdatamodeld */,
			);
			path = diary;
			sourceTree = "<group>";
		};
		57693AB021998C5D00B216B0 /* Images */ = {
			isa = PBXGroup;
			children = (
				575992E621A2F77E008C50ED /* DrinksAndMeals */,
				5760A3E42199D5EB00521582 /* TabBar */,
				57693AC32199A40C00B216B0 /* addImg.png */,
			);
			path = Images;
			sourceTree = "<group>";
		};
		57693AB121998C7100B216B0 /* Views */ = {
			isa = PBXGroup;
			children = (
				57693ACB2199B0BC00B216B0 /* ConsumedViewController.swift */,
				57693ACA2199B03D00B216B0 /* AddItems */,
				57693AC92199AFE000B216B0 /* BarMenu */,
			);
			path = Views;
			sourceTree = "<group>";
		};
		57693ABC2199968300B216B0 /* ViewModels */ = {
			isa = PBXGroup;
			children = (
				57693AD42199BEB600B216B0 /* FoodManager.swift */,
				57693ABD2199969E00B216B0 /* ViewModelsManager.swift */,
				5709A383219C75380026B185 /* ConsumedViewModel.swift */,
				5709A382219C750F0026B185 /* BarViewModels */,
				5709A381219C74F00026B185 /* AddItems */,
			);
			path = ViewModels;
			sourceTree = "<group>";
		};
		57693AC92199AFE000B216B0 /* BarMenu */ = {
			isa = PBXGroup;
			children = (
				57D54AD521A4341F000E3A24 /* FoodsViewController.swift */,
				57693ABA21998FDE00B216B0 /* HistoryViewController.swift */,
				57693AB321998CA700B216B0 /* RootViewController.swift */,
			);
			path = BarMenu;
			sourceTree = "<group>";
		};
		57693ACA2199B03D00B216B0 /* AddItems */ = {
			isa = PBXGroup;
			children = (
				5709A37F219C6DB10026B185 /* CreateFoodViewController.swift */,
				57693AB221998CA700B216B0 /* AddFoodViewController.swift */,
			);
			path = AddItems;
			sourceTree = "<group>";
		};
		57693AD12199BCC900B216B0 /* Models */ = {
			isa = PBXGroup;
			children = (
				57693AD22199BCDC00B216B0 /* Models.swift */,
			);
			path = Models;
			sourceTree = "<group>";
		};
/* End PBXGroup section */

/* Begin PBXNativeTarget section */
		57693A9621998BA700B216B0 /* diary */ = {
			isa = PBXNativeTarget;
			buildConfigurationList = 57693AAC21998BA800B216B0 /* Build configuration list for PBXNativeTarget "diary" */;
			buildPhases = (
				57693A9321998BA700B216B0 /* Sources */,
				57693A9421998BA700B216B0 /* Frameworks */,
				57693A9521998BA700B216B0 /* Resources */,
				57577CFB21A58C1100D77F3C /* CopyFiles */,
			);
			buildRules = (
			);
			dependencies = (
			);
			name = diary;
			productName = diary;
			productReference = 57693A9721998BA700B216B0 /* diary.app */;
			productType = "com.apple.product-type.application";
		};
/* End PBXNativeTarget section */

/* Begin PBXProject section */
		57693A8F21998BA700B216B0 /* Project object */ = {
			isa = PBXProject;
			attributes = {
				LastSwiftUpdateCheck = 0930;
				LastUpgradeCheck = 0930;
				ORGANIZATIONNAME = Victor;
				TargetAttributes = {
					57693A9621998BA700B216B0 = {
						CreatedOnToolsVersion = 9.3.1;
					};
				};
			};
			buildConfigurationList = 57693A9221998BA700B216B0 /* Build configuration list for PBXProject "diary" */;
			compatibilityVersion = "Xcode 9.3";
			developmentRegion = en;
			hasScannedForEncodings = 0;
			knownRegions = (
				en,
				Base,
			);
			mainGroup = 57693A8E21998BA700B216B0;
			productRefGroup = 57693A9821998BA700B216B0 /* Products */;
			projectDirPath = "";
			projectRoot = "";
			targets = (
				57693A9621998BA700B216B0 /* diary */,
			);
		};
/* End PBXProject section */

/* Begin PBXResourcesBuildPhase section */
		57693A9521998BA700B216B0 /* Resources */ = {
			isa = PBXResourcesBuildPhase;
			buildActionMask = 2147483647;
			files = (
				575992ED21A2F82B008C50ED /* sandwich.jpg in Resources */,
				572071D52199DEA200ACAE52 /* barHome.png in Resources */,
				572071D02199DD4A00ACAE52 /* Main.storyboard in Resources */,
				575992EF21A2F82B008C50ED /* sprite.jpg in Resources */,
				572071D72199DEA200ACAE52 /* barHistory.png in Resources */,
				572071D82199DEA200ACAE52 /* barMeal.png in Resources */,
				575992F021A2F82B008C50ED /* turkey.jpeg in Resources */,
				57693AC42199A40C00B216B0 /* addImg.png in Resources */,
				572071D62199DEA200ACAE52 /* barDrink.png in Resources */,
				575992EE21A2F82B008C50ED /* cola.jpeg in Resources */,
				57693AA821998BA800B216B0 /* LaunchScreen.storyboard in Resources */,
				57693AA521998BA800B216B0 /* Assets.xcassets in Resources */,
				57577D0021A5A0DF00D77F3C /* mamaliga.jpg in Resources */,
				57693AD02199B6CD00B216B0 /* Food.plist in Resources */,
			);
			runOnlyForDeploymentPostprocessing = 0;
		};
/* End PBXResourcesBuildPhase section */

/* Begin PBXSourcesBuildPhase section */
		57693A9321998BA700B216B0 /* Sources */ = {
			isa = PBXSourcesBuildPhase;
			buildActionMask = 2147483647;
			files = (
				57693AB521998CA700B216B0 /* AddFoodViewController.swift in Sources */,
				5709A376219C6D610026B185 /* RootViewModel.swift in Sources */,
				57693ACE2199B39F00B216B0 /* TabBarController.swift in Sources */,
				57693AA321998BA700B216B0 /* diary.xcdatamodeld in Sources */,
				57693ABE2199969E00B216B0 /* ViewModelsManager.swift in Sources */,
				57693ACC2199B0BC00B216B0 /* ConsumedViewController.swift in Sources */,
				5709A37D219C6D810026B185 /* AddFoodViewModel.swift in Sources */,
				57693ABB21998FDE00B216B0 /* HistoryViewController.swift in Sources */,
				5709A384219C75380026B185 /* ConsumedViewModel.swift in Sources */,
				5709A380219C6DB20026B185 /* CreateFoodViewController.swift in Sources */,
				57693AB621998CA700B216B0 /* RootViewController.swift in Sources */,
				574F75B5219AFD26007F55BB /* CreateFoodViewModel.swift in Sources */,
				57D54AD621A43420000E3A24 /* FoodsViewController.swift in Sources */,
				57693AD52199BEB600B216B0 /* FoodManager.swift in Sources */,
				5709A375219C6D610026B185 /* HistoryViewModel.swift in Sources */,
				57693A9B21998BA700B216B0 /* AppDelegate.swift in Sources */,
				57693AD32199BCDC00B216B0 /* Models.swift in Sources */,
				5709A377219C6D610026B185 /* FoodViewModel.swift in Sources */,
			);
			runOnlyForDeploymentPostprocessing = 0;
		};
/* End PBXSourcesBuildPhase section */

/* Begin PBXVariantGroup section */
		57693A9E21998BA700B216B0 /* Main.storyboard */ = {
			isa = PBXVariantGroup;
			children = (
				57693A9F21998BA700B216B0 /* Base */,
			);
			name = Main.storyboard;
			sourceTree = "<group>";
		};
		57693AA621998BA800B216B0 /* LaunchScreen.storyboard */ = {
			isa = PBXVariantGroup;
			children = (
				57693AA721998BA800B216B0 /* Base */,
			);
			name = LaunchScreen.storyboard;
			sourceTree = "<group>";
		};
/* End PBXVariantGroup section */

/* Begin XCBuildConfiguration section */
		57693AAA21998BA800B216B0 /* Debug */ = {
			isa = XCBuildConfiguration;
			buildSettings = {
				ALWAYS_SEARCH_USER_PATHS = NO;
				CLANG_ANALYZER_NONNULL = YES;
				CLANG_ANALYZER_NUMBER_OBJECT_CONVERSION = YES_AGGRESSIVE;
				CLANG_CXX_LANGUAGE_STANDARD = "gnu++14";
				CLANG_CXX_LIBRARY = "libc++";
				CLANG_ENABLE_MODULES = YES;
				CLANG_ENABLE_OBJC_ARC = YES;
				CLANG_ENABLE_OBJC_WEAK = YES;
				CLANG_WARN_BLOCK_CAPTURE_AUTORELEASING = YES;
				CLANG_WARN_BOOL_CONVERSION = YES;
				CLANG_WARN_COMMA = YES;
				CLANG_WARN_CONSTANT_CONVERSION = YES;
				CLANG_WARN_DEPRECATED_OBJC_IMPLEMENTATIONS = YES;
				CLANG_WARN_DIRECT_OBJC_ISA_USAGE = YES_ERROR;
				CLANG_WARN_DOCUMENTATION_COMMENTS = YES;
				CLANG_WARN_EMPTY_BODY = YES;
				CLANG_WARN_ENUM_CONVERSION = YES;
				CLANG_WARN_INFINITE_RECURSION = YES;
				CLANG_WARN_INT_CONVERSION = YES;
				CLANG_WARN_NON_LITERAL_NULL_CONVERSION = YES;
				CLANG_WARN_OBJC_IMPLICIT_RETAIN_SELF = YES;
				CLANG_WARN_OBJC_LITERAL_CONVERSION = YES;
				CLANG_WARN_OBJC_ROOT_CLASS = YES_ERROR;
				CLANG_WARN_RANGE_LOOP_ANALYSIS = YES;
				CLANG_WARN_STRICT_PROTOTYPES = YES;
				CLANG_WARN_SUSPICIOUS_MOVE = YES;
				CLANG_WARN_UNGUARDED_AVAILABILITY = YES_AGGRESSIVE;
				CLANG_WARN_UNREACHABLE_CODE = YES;
				CLANG_WARN__DUPLICATE_METHOD_MATCH = YES;
				CODE_SIGN_IDENTITY = "iPhone Developer";
				COPY_PHASE_STRIP = NO;
				DEBUG_INFORMATION_FORMAT = dwarf;
				ENABLE_STRICT_OBJC_MSGSEND = YES;
				ENABLE_TESTABILITY = YES;
				GCC_C_LANGUAGE_STANDARD = gnu11;
				GCC_DYNAMIC_NO_PIC = NO;
				GCC_NO_COMMON_BLOCKS = YES;
				GCC_OPTIMIZATION_LEVEL = 0;
				GCC_PREPROCESSOR_DEFINITIONS = (
					"DEBUG=1",
					"$(inherited)",
				);
				GCC_WARN_64_TO_32_BIT_CONVERSION = YES;
				GCC_WARN_ABOUT_RETURN_TYPE = YES_ERROR;
				GCC_WARN_UNDECLARED_SELECTOR = YES;
				GCC_WARN_UNINITIALIZED_AUTOS = YES_AGGRESSIVE;
				GCC_WARN_UNUSED_FUNCTION = YES;
				GCC_WARN_UNUSED_VARIABLE = YES;
				IPHONEOS_DEPLOYMENT_TARGET = 11.3;
				MTL_ENABLE_DEBUG_INFO = YES;
				ONLY_ACTIVE_ARCH = YES;
				SDKROOT = iphoneos;
				SWIFT_ACTIVE_COMPILATION_CONDITIONS = DEBUG;
				SWIFT_OPTIMIZATION_LEVEL = "-Onone";
			};
			name = Debug;
		};
		57693AAB21998BA800B216B0 /* Release */ = {
			isa = XCBuildConfiguration;
			buildSettings = {
				ALWAYS_SEARCH_USER_PATHS = NO;
				CLANG_ANALYZER_NONNULL = YES;
				CLANG_ANALYZER_NUMBER_OBJECT_CONVERSION = YES_AGGRESSIVE;
				CLANG_CXX_LANGUAGE_STANDARD = "gnu++14";
				CLANG_CXX_LIBRARY = "libc++";
				CLANG_ENABLE_MODULES = YES;
				CLANG_ENABLE_OBJC_ARC = YES;
				CLANG_ENABLE_OBJC_WEAK = YES;
				CLANG_WARN_BLOCK_CAPTURE_AUTORELEASING = YES;
				CLANG_WARN_BOOL_CONVERSION = YES;
				CLANG_WARN_COMMA = YES;
				CLANG_WARN_CONSTANT_CONVERSION = YES;
				CLANG_WARN_DEPRECATED_OBJC_IMPLEMENTATIONS = YES;
				CLANG_WARN_DIRECT_OBJC_ISA_USAGE = YES_ERROR;
				CLANG_WARN_DOCUMENTATION_COMMENTS = YES;
				CLANG_WARN_EMPTY_BODY = YES;
				CLANG_WARN_ENUM_CONVERSION = YES;
				CLANG_WARN_INFINITE_RECURSION = YES;
				CLANG_WARN_INT_CONVERSION = YES;
				CLANG_WARN_NON_LITERAL_NULL_CONVERSION = YES;
				CLANG_WARN_OBJC_IMPLICIT_RETAIN_SELF = YES;
				CLANG_WARN_OBJC_LITERAL_CONVERSION = YES;
				CLANG_WARN_OBJC_ROOT_CLASS = YES_ERROR;
				CLANG_WARN_RANGE_LOOP_ANALYSIS = YES;
				CLANG_WARN_STRICT_PROTOTYPES = YES;
				CLANG_WARN_SUSPICIOUS_MOVE = YES;
				CLANG_WARN_UNGUARDED_AVAILABILITY = YES_AGGRESSIVE;
				CLANG_WARN_UNREACHABLE_CODE = YES;
				CLANG_WARN__DUPLICATE_METHOD_MATCH = YES;
				CODE_SIGN_IDENTITY = "iPhone Developer";
				COPY_PHASE_STRIP = NO;
				DEBUG_INFORMATION_FORMAT = "dwarf-with-dsym";
				ENABLE_NS_ASSERTIONS = NO;
				ENABLE_STRICT_OBJC_MSGSEND = YES;
				GCC_C_LANGUAGE_STANDARD = gnu11;
				GCC_NO_COMMON_BLOCKS = YES;
				GCC_WARN_64_TO_32_BIT_CONVERSION = YES;
				GCC_WARN_ABOUT_RETURN_TYPE = YES_ERROR;
				GCC_WARN_UNDECLARED_SELECTOR = YES;
				GCC_WARN_UNINITIALIZED_AUTOS = YES_AGGRESSIVE;
				GCC_WARN_UNUSED_FUNCTION = YES;
				GCC_WARN_UNUSED_VARIABLE = YES;
				IPHONEOS_DEPLOYMENT_TARGET = 11.3;
				MTL_ENABLE_DEBUG_INFO = NO;
				SDKROOT = iphoneos;
				SWIFT_COMPILATION_MODE = wholemodule;
				SWIFT_OPTIMIZATION_LEVEL = "-O";
				VALIDATE_PRODUCT = YES;
			};
			name = Release;
		};
		57693AAD21998BA800B216B0 /* Debug */ = {
			isa = XCBuildConfiguration;
			buildSettings = {
				ASSETCATALOG_COMPILER_APPICON_NAME = AppIcon;
				CODE_SIGN_STYLE = Automatic;
				DEVELOPMENT_TEAM = STSV63264Q;
				INFOPLIST_FILE = diary/Info.plist;
				IPHONEOS_DEPLOYMENT_TARGET = 10.0;
				LD_RUNPATH_SEARCH_PATHS = (
					"$(inherited)",
					"@executable_path/Frameworks",
				);
				PRODUCT_BUNDLE_IDENTIFIER = com.softintercom.apps.diary;
				PRODUCT_NAME = "$(TARGET_NAME)";
				SWIFT_VERSION = 4.0;
				TARGETED_DEVICE_FAMILY = "1,2";
			};
			name = Debug;
		};
		57693AAE21998BA800B216B0 /* Release */ = {
			isa = XCBuildConfiguration;
			buildSettings = {
				ASSETCATALOG_COMPILER_APPICON_NAME = AppIcon;
				CODE_SIGN_STYLE = Automatic;
				DEVELOPMENT_TEAM = STSV63264Q;
				INFOPLIST_FILE = diary/Info.plist;
				IPHONEOS_DEPLOYMENT_TARGET = 10.0;
				LD_RUNPATH_SEARCH_PATHS = (
					"$(inherited)",
					"@executable_path/Frameworks",
				);
				PRODUCT_BUNDLE_IDENTIFIER = com.softintercom.apps.diary;
				PRODUCT_NAME = "$(TARGET_NAME)";
				SWIFT_VERSION = 4.0;
				TARGETED_DEVICE_FAMILY = "1,2";
			};
			name = Release;
		};
/* End XCBuildConfiguration section */

/* Begin XCConfigurationList section */
		57693A9221998BA700B216B0 /* Build configuration list for PBXProject "diary" */ = {
			isa = XCConfigurationList;
			buildConfigurations = (
				57693AAA21998BA800B216B0 /* Debug */,
				57693AAB21998BA800B216B0 /* Release */,
			);
			defaultConfigurationIsVisible = 0;
			defaultConfigurationName = Release;
		};
		57693AAC21998BA800B216B0 /* Build configuration list for PBXNativeTarget "diary" */ = {
			isa = XCConfigurationList;
			buildConfigurations = (
				57693AAD21998BA800B216B0 /* Debug */,
				57693AAE21998BA800B216B0 /* Release */,
			);
			defaultConfigurationIsVisible = 0;
			defaultConfigurationName = Release;
		};
/* End XCConfigurationList section */

/* Begin XCVersionGroup section */
		57693AA121998BA700B216B0 /* diary.xcdatamodeld */ = {
			isa = XCVersionGroup;
			children = (
				57693AA221998BA700B216B0 /* diary.xcdatamodel */,
			);
			currentVersion = 57693AA221998BA700B216B0 /* diary.xcdatamodel */;
			path = diary.xcdatamodeld;
			sourceTree = "<group>";
			versionGroupType = wrapper.xcdatamodel;
		};
/* End XCVersionGroup section */
	};
	rootObject = 57693A8F21998BA700B216B0 /* Project object */;
}
